
Microsoft Visual Studio Solution File, Format Version 12.00
# Visual Studio Version 17
VisualStudioVersion = 17.8.34525.116
MinimumVisualStudioVersion = 10.0.40219.1
Project("{FAE04EC0-301F-11D3-BF4B-00C04F79EFBC}") = "Currency", "Currency\Currency.csproj", "{B20A526C-8DB6-4BAE-9A95-0CB8BE1DD25D}"
EndProject
Global
	GlobalSection(SolutionConfigurationPlatforms) = preSolution
		Debug|Any CPU = Debug|Any CPU
		Release|Any CPU = Release|Any CPU
	EndGlobalSection
	GlobalSection(ProjectConfigurationPlatforms) = postSolution
		{B20A526C-8DB6-4BAE-9A95-0CB8BE1DD25D}.Debug|Any CPU.ActiveCfg = Debug|Any CPU
		{B20A526C-8DB6-4BAE-9A95-0CB8BE1DD25D}.Debug|Any CPU.Build.0 = Debug|Any CPU
		{B20A526C-8DB6-4BAE-9A95-0CB8BE1DD25D}.Release|Any CPU.ActiveCfg = Release|Any CPU
		{B20A526C-8DB6-4BAE-9A95-0CB8BE1DD25D}.Release|Any CPU.Build.0 = Release|Any CPU
	EndGlobalSection
	GlobalSection(SolutionProperties) = preSolution
		HideSolutionNode = FALSE
	EndGlobalSection
	GlobalSection(ExtensibilityGlobals) = postSolution
		SolutionGuid = {99DD2836-BF74-4365-8956-EB4D75420D8E}
	EndGlobalSection
EndGlobal
